// !$*UTF8*$!
{
	archiveVersion = 1;
	classes = {
	};
	objectVersion = 46;
	objects = {

/* Begin PBXBuildFile section */
		4A0E1DFF1873C0CD0041A8B4 /* IAPHelper.m in Sources */ = {isa = PBXBuildFile; fileRef = 4A0E1DFE1873C0CD0041A8B4 /* IAPHelper.m */; };
		4A0E1E021875A00F0041A8B4 /* FitwirrHelper.m in Sources */ = {isa = PBXBuildFile; fileRef = 4A0E1E011875A00F0041A8B4 /* FitwirrHelper.m */; };
		4A0E1E061876B53A0041A8B4 /* MBProgressHUD.m in Sources */ = {isa = PBXBuildFile; fileRef = 4A0E1E051876B53A0041A8B4 /* MBProgressHUD.m */; };
		4A4FEC6C1885602700176E17 /* WorkoutCell.m in Sources */ = {isa = PBXBuildFile; fileRef = 4A4FEC6B1885602700176E17 /* WorkoutCell.m */; };
		4A5B6BE818782CF600368FB3 /* clock.mp3 in Resources */ = {isa = PBXBuildFile; fileRef = 4A5B6BE718782CF600368FB3 /* clock.mp3 */; };
		4A5B6BEA18782DAB00368FB3 /* AVFoundation.framework in Frameworks */ = {isa = PBXBuildFile; fileRef = 4A5B6BE918782DAB00368FB3 /* AVFoundation.framework */; };
		4A64C07318729C4F0009FA94 /* Parse.framework in Frameworks */ = {isa = PBXBuildFile; fileRef = 4A64C07218729C4F0009FA94 /* Parse.framework */; };
		53122A0C188DDE5C009E987E /* SupportDetailVC.m in Sources */ = {isa = PBXBuildFile; fileRef = 53122A0B188DDE5C009E987E /* SupportDetailVC.m */; };
		53122A0E188F0493009E987E /* MessageUI.framework in Frameworks */ = {isa = PBXBuildFile; fileRef = 53122A0D188F0493009E987E /* MessageUI.framework */; };
		53122A10188F0573009E987E /* SweatLogo.png in Resources */ = {isa = PBXBuildFile; fileRef = 53122A0F188F0573009E987E /* SweatLogo.png */; };
		53122A12188F1A01009E987E /* rest-2.mp3 in Resources */ = {isa = PBXBuildFile; fileRef = 53122A11188F1A01009E987E /* rest-2.mp3 */; };
		53122A14188F1A66009E987E /* EndofRest.mp3 in Resources */ = {isa = PBXBuildFile; fileRef = 53122A13188F1A66009E987E /* EndofRest.mp3 */; };
		53122A16188F1A7C009E987E /* FirstExerciseinWorkout.mp3 in Resources */ = {isa = PBXBuildFile; fileRef = 53122A15188F1A7C009E987E /* FirstExerciseinWorkout.mp3 */; };
		53122A18188F1A8D009E987E /* switchSides.mp3 in Resources */ = {isa = PBXBuildFile; fileRef = 53122A17188F1A8D009E987E /* switchSides.mp3 */; };
		5320920B18687FBE009B4F50 /* Workout.m in Sources */ = {isa = PBXBuildFile; fileRef = 5320920A18687FBE009B4F50 /* Workout.m */; };
		53495B131890E384007F7E84 /* switchSidesCut.mp3 in Resources */ = {isa = PBXBuildFile; fileRef = 53495B121890E384007F7E84 /* switchSidesCut.mp3 */; };
		53495B151890EA85007F7E84 /* Last5secs.mp3 in Resources */ = {isa = PBXBuildFile; fileRef = 53495B141890EA85007F7E84 /* Last5secs.mp3 */; };
		53495B171890EEE6007F7E84 /* checkmark-128.png in Resources */ = {isa = PBXBuildFile; fileRef = 53495B161890EEE6007F7E84 /* checkmark-128.png */; };
		535869D6185F5BE700B77920 /* settings.png in Resources */ = {isa = PBXBuildFile; fileRef = 535869D4185F5BE700B77920 /* settings.png */; };
		535869D7185F5BE700B77920 /* settings@2x.png in Resources */ = {isa = PBXBuildFile; fileRef = 535869D5185F5BE700B77920 /* settings@2x.png */; };
		535869DD185F5C2800B77920 /* menu.png in Resources */ = {isa = PBXBuildFile; fileRef = 535869DC185F5C2800B77920 /* menu.png */; };
		535869DF185F5C4100B77920 /* menu@2x.png in Resources */ = {isa = PBXBuildFile; fileRef = 535869DE185F5C4100B77920 /* menu@2x.png */; };
		535869E2185F5C5C00B77920 /* check.png in Resources */ = {isa = PBXBuildFile; fileRef = 535869E0185F5C5C00B77920 /* check.png */; };
		535869E3185F5C5C00B77920 /* check@2x.png in Resources */ = {isa = PBXBuildFile; fileRef = 535869E1185F5C5C00B77920 /* check@2x.png */; };
		535869FB185F6BE800B77920 /* WHITE LINE.png in Resources */ = {isa = PBXBuildFile; fileRef = 535869FA185F6BE800B77920 /* WHITE LINE.png */; };
		53586A16185F927E00B77920 /* RestCell.m in Sources */ = {isa = PBXBuildFile; fileRef = 53586A15185F927E00B77920 /* RestCell.m */; };
		53586A19185F930500B77920 /* RestViewController.m in Sources */ = {isa = PBXBuildFile; fileRef = 53586A18185F930500B77920 /* RestViewController.m */; };
		53586A251860142600B77920 /* New.storyboard in Resources */ = {isa = PBXBuildFile; fileRef = 53586A241860142600B77920 /* New.storyboard */; };
		535C5DE718696D3E0063C256 /* LaunchTVC.m in Sources */ = {isa = PBXBuildFile; fileRef = 535C5DE618696D3E0063C256 /* LaunchTVC.m */; };
		535C5DEA1869BD8F0063C256 /* SetsTVC.m in Sources */ = {isa = PBXBuildFile; fileRef = 535C5DE91869BD8F0063C256 /* SetsTVC.m */; };
		535C5DED1869D6630063C256 /* BeginWorkoutViewController.m in Sources */ = {isa = PBXBuildFile; fileRef = 535C5DEC1869D6630063C256 /* BeginWorkoutViewController.m */; };
		535C5DF2186B19820063C256 /* Exercise.m in Sources */ = {isa = PBXBuildFile; fileRef = 535C5DF1186B19820063C256 /* Exercise.m */; };
		535C5E01186E34470063C256 /* EndPageVC.m in Sources */ = {isa = PBXBuildFile; fileRef = 535C5E00186E34470063C256 /* EndPageVC.m */; };
		53844EF6187058A700D24240 /* SelectWorkoutTVCViewController.m in Sources */ = {isa = PBXBuildFile; fileRef = 53844EF5187058A700D24240 /* SelectWorkoutTVCViewController.m */; };
		53844EFD18706B1C00D24240 /* START Round Corner Pink Font (1).png in Resources */ = {isa = PBXBuildFile; fileRef = 53844EFC18706B1C00D24240 /* START Round Corner Pink Font (1).png */; };
		5387817F185DE3AB00641237 /* Foundation.framework in Frameworks */ = {isa = PBXBuildFile; fileRef = 5387817E185DE3AB00641237 /* Foundation.framework */; };
		53878181185DE3AB00641237 /* CoreGraphics.framework in Frameworks */ = {isa = PBXBuildFile; fileRef = 53878180185DE3AB00641237 /* CoreGraphics.framework */; };
		53878183185DE3AB00641237 /* UIKit.framework in Frameworks */ = {isa = PBXBuildFile; fileRef = 53878182185DE3AB00641237 /* UIKit.framework */; };
		53878189185DE3AB00641237 /* InfoPlist.strings in Resources */ = {isa = PBXBuildFile; fileRef = 53878187185DE3AB00641237 /* InfoPlist.strings */; };
		5387818B185DE3AB00641237 /* main.m in Sources */ = {isa = PBXBuildFile; fileRef = 5387818A185DE3AB00641237 /* main.m */; };
		5387818F185DE3AB00641237 /* AppDelegate.m in Sources */ = {isa = PBXBuildFile; fileRef = 5387818E185DE3AB00641237 /* AppDelegate.m */; };
		53878197185DE3AB00641237 /* Images.xcassets in Resources */ = {isa = PBXBuildFile; fileRef = 53878196185DE3AB00641237 /* Images.xcassets */; };
		5387819E185DE3AB00641237 /* XCTest.framework in Frameworks */ = {isa = PBXBuildFile; fileRef = 5387819D185DE3AB00641237 /* XCTest.framework */; };
		5387819F185DE3AB00641237 /* Foundation.framework in Frameworks */ = {isa = PBXBuildFile; fileRef = 5387817E185DE3AB00641237 /* Foundation.framework */; };
		538781A0185DE3AB00641237 /* UIKit.framework in Frameworks */ = {isa = PBXBuildFile; fileRef = 53878182185DE3AB00641237 /* UIKit.framework */; };
		538781A8185DE3AB00641237 /* InfoPlist.strings in Resources */ = {isa = PBXBuildFile; fileRef = 538781A6185DE3AB00641237 /* InfoPlist.strings */; };
		538781AA185DE3AB00641237 /* FitwirrAppTests.m in Sources */ = {isa = PBXBuildFile; fileRef = 538781A9185DE3AB00641237 /* FitwirrAppTests.m */; };
		539D29641871491E0015B46A /* Next Button.png in Resources */ = {isa = PBXBuildFile; fileRef = 539D29631871491E0015B46A /* Next Button.png */; };
		539D296718714B750015B46A /* Pause button blue.png in Resources */ = {isa = PBXBuildFile; fileRef = 539D296518714B750015B46A /* Pause button blue.png */; };
		539D296818714B750015B46A /* play button blue.png in Resources */ = {isa = PBXBuildFile; fileRef = 539D296618714B750015B46A /* play button blue.png */; };
		539D296A187204560015B46A /* FitwirrIcon120.png in Resources */ = {isa = PBXBuildFile; fileRef = 539D2969187204560015B46A /* FitwirrIcon120.png */; };
		539D296F187211C20015B46A /* SettingTVC.m in Sources */ = {isa = PBXBuildFile; fileRef = 539D296E187211C20015B46A /* SettingTVC.m */; };
		53AEAB7A18615382006E0D48 /* StoreKit.framework in Frameworks */ = {isa = PBXBuildFile; fileRef = 53AEAB7918615382006E0D48 /* StoreKit.framework */; };
		53AEAB8718635523006E0D48 /* PurchaseVC.m in Sources */ = {isa = PBXBuildFile; fileRef = 53AEAB8618635523006E0D48 /* PurchaseVC.m */; };
		53AEAB8C18637A4F006E0D48 /* AudioToolbox.framework in Frameworks */ = {isa = PBXBuildFile; fileRef = 53AEAB8B18637A4F006E0D48 /* AudioToolbox.framework */; };
		53AEAB8E18637A55006E0D48 /* CFNetwork.framework in Frameworks */ = {isa = PBXBuildFile; fileRef = 53AEAB8D18637A55006E0D48 /* CFNetwork.framework */; };
		53AEAB9018637A68006E0D48 /* CoreLocation.framework in Frameworks */ = {isa = PBXBuildFile; fileRef = 53AEAB8F18637A68006E0D48 /* CoreLocation.framework */; };
		53AEAB9218637A79006E0D48 /* libz.1.1.3.dylib in Frameworks */ = {isa = PBXBuildFile; fileRef = 53AEAB9118637A79006E0D48 /* libz.1.1.3.dylib */; };
		53AEAB9418637A82006E0D48 /* MobileCoreServices.framework in Frameworks */ = {isa = PBXBuildFile; fileRef = 53AEAB9318637A82006E0D48 /* MobileCoreServices.framework */; };
		53AEAB9618637A89006E0D48 /* QuartzCore.framework in Frameworks */ = {isa = PBXBuildFile; fileRef = 53AEAB9518637A89006E0D48 /* QuartzCore.framework */; };
		53AEAB9818637A91006E0D48 /* Security.framework in Frameworks */ = {isa = PBXBuildFile; fileRef = 53AEAB9718637A91006E0D48 /* Security.framework */; };
		53AEAB9A18637A9D006E0D48 /* SystemConfiguration.framework in Frameworks */ = {isa = PBXBuildFile; fileRef = 53AEAB9918637A9D006E0D48 /* SystemConfiguration.framework */; };
		53AEAB9E1864C6B7006E0D48 /* light pink #fef9ffff.png in Resources */ = {isa = PBXBuildFile; fileRef = 53AEAB9D1864C6B7006E0D48 /* light pink #fef9ffff.png */; };
		53AEABAD1864DAD1006E0D48 /* WorkoutSelectionTVC.m in Sources */ = {isa = PBXBuildFile; fileRef = 53AEABAC1864DAD1006E0D48 /* WorkoutSelectionTVC.m */; };
		53AEABB51865631B006E0D48 /* ExerciseViewController.m in Sources */ = {isa = PBXBuildFile; fileRef = 53AEABB41865631B006E0D48 /* ExerciseViewController.m */; };
		53C0857218884C2D00D19639 /* EquipmentCell.m in Sources */ = {isa = PBXBuildFile; fileRef = 53C0857118884C2D00D19639 /* EquipmentCell.m */; };
/* End PBXBuildFile section */

/* Begin PBXContainerItemProxy section */
		538781A1185DE3AB00641237 /* PBXContainerItemProxy */ = {
			isa = PBXContainerItemProxy;
			containerPortal = 53878173185DE3AB00641237 /* Project object */;
			proxyType = 1;
			remoteGlobalIDString = 5387817A185DE3AB00641237;
			remoteInfo = FitwirrApp;
		};
/* End PBXContainerItemProxy section */

/* Begin PBXFileReference section */
		4A0E1DFD1873C0CD0041A8B4 /* IAPHelper.h */ = {isa = PBXFileReference; fileEncoding = 4; lastKnownFileType = sourcecode.c.h; name = IAPHelper.h; path = ../IAPHelper.h; sourceTree = "<group>"; };
		4A0E1DFE1873C0CD0041A8B4 /* IAPHelper.m */ = {isa = PBXFileReference; fileEncoding = 4; lastKnownFileType = sourcecode.c.objc; name = IAPHelper.m; path = ../IAPHelper.m; sourceTree = "<group>"; };
		4A0E1E001875A00E0041A8B4 /* FitwirrHelper.h */ = {isa = PBXFileReference; fileEncoding = 4; lastKnownFileType = sourcecode.c.h; name = FitwirrHelper.h; path = ../FitwirrHelper.h; sourceTree = "<group>"; };
		4A0E1E011875A00F0041A8B4 /* FitwirrHelper.m */ = {isa = PBXFileReference; fileEncoding = 4; lastKnownFileType = sourcecode.c.objc; name = FitwirrHelper.m; path = ../FitwirrHelper.m; sourceTree = "<group>"; };
		4A0E1E041876B53A0041A8B4 /* MBProgressHUD.h */ = {isa = PBXFileReference; fileEncoding = 4; lastKnownFileType = sourcecode.c.h; path = MBProgressHUD.h; sourceTree = "<group>"; };
		4A0E1E051876B53A0041A8B4 /* MBProgressHUD.m */ = {isa = PBXFileReference; fileEncoding = 4; lastKnownFileType = sourcecode.c.objc; path = MBProgressHUD.m; sourceTree = "<group>"; };
		4A4FEC6A1885602700176E17 /* WorkoutCell.h */ = {isa = PBXFileReference; fileEncoding = 4; lastKnownFileType = sourcecode.c.h; name = WorkoutCell.h; path = ../WorkoutCell.h; sourceTree = "<group>"; };
		4A4FEC6B1885602700176E17 /* WorkoutCell.m */ = {isa = PBXFileReference; fileEncoding = 4; lastKnownFileType = sourcecode.c.objc; name = WorkoutCell.m; path = ../WorkoutCell.m; sourceTree = "<group>"; };
		4A5B6BE718782CF600368FB3 /* clock.mp3 */ = {isa = PBXFileReference; lastKnownFileType = audio.mp3; path = clock.mp3; sourceTree = SOURCE_ROOT; };
		4A5B6BE918782DAB00368FB3 /* AVFoundation.framework */ = {isa = PBXFileReference; lastKnownFileType = wrapper.framework; name = AVFoundation.framework; path = System/Library/Frameworks/AVFoundation.framework; sourceTree = SDKROOT; };
		4A64C07218729C4F0009FA94 /* Parse.framework */ = {isa = PBXFileReference; lastKnownFileType = wrapper.framework; path = Parse.framework; sourceTree = "<group>"; };
		53122A0A188DDE5C009E987E /* SupportDetailVC.h */ = {isa = PBXFileReference; fileEncoding = 4; lastKnownFileType = sourcecode.c.h; path = SupportDetailVC.h; sourceTree = "<group>"; };
		53122A0B188DDE5C009E987E /* SupportDetailVC.m */ = {isa = PBXFileReference; fileEncoding = 4; lastKnownFileType = sourcecode.c.objc; path = SupportDetailVC.m; sourceTree = "<group>"; };
		53122A0D188F0493009E987E /* MessageUI.framework */ = {isa = PBXFileReference; lastKnownFileType = wrapper.framework; name = MessageUI.framework; path = System/Library/Frameworks/MessageUI.framework; sourceTree = SDKROOT; };
		53122A0F188F0573009E987E /* SweatLogo.png */ = {isa = PBXFileReference; lastKnownFileType = image.png; path = SweatLogo.png; sourceTree = "<group>"; };
		53122A11188F1A01009E987E /* rest-2.mp3 */ = {isa = PBXFileReference; lastKnownFileType = audio.mp3; name = "rest-2.mp3"; path = "../rest-2.mp3"; sourceTree = "<group>"; };
		53122A13188F1A66009E987E /* EndofRest.mp3 */ = {isa = PBXFileReference; lastKnownFileType = audio.mp3; path = EndofRest.mp3; sourceTree = "<group>"; };
		53122A15188F1A7C009E987E /* FirstExerciseinWorkout.mp3 */ = {isa = PBXFileReference; lastKnownFileType = audio.mp3; path = FirstExerciseinWorkout.mp3; sourceTree = "<group>"; };
		53122A17188F1A8D009E987E /* switchSides.mp3 */ = {isa = PBXFileReference; lastKnownFileType = audio.mp3; path = switchSides.mp3; sourceTree = "<group>"; };
		5320920918687FBE009B4F50 /* Workout.h */ = {isa = PBXFileReference; fileEncoding = 4; lastKnownFileType = sourcecode.c.h; path = Workout.h; sourceTree = "<group>"; };
		5320920A18687FBE009B4F50 /* Workout.m */ = {isa = PBXFileReference; fileEncoding = 4; lastKnownFileType = sourcecode.c.objc; path = Workout.m; sourceTree = "<group>"; };
		53495B121890E384007F7E84 /* switchSidesCut.mp3 */ = {isa = PBXFileReference; lastKnownFileType = audio.mp3; path = switchSidesCut.mp3; sourceTree = "<group>"; };
		53495B141890EA85007F7E84 /* Last5secs.mp3 */ = {isa = PBXFileReference; lastKnownFileType = audio.mp3; path = Last5secs.mp3; sourceTree = "<group>"; };
		53495B161890EEE6007F7E84 /* checkmark-128.png */ = {isa = PBXFileReference; lastKnownFileType = image.png; path = "checkmark-128.png"; sourceTree = "<group>"; };
		535869D4185F5BE700B77920 /* settings.png */ = {isa = PBXFileReference; lastKnownFileType = image.png; path = settings.png; sourceTree = "<group>"; };
		535869D5185F5BE700B77920 /* settings@2x.png */ = {isa = PBXFileReference; lastKnownFileType = image.png; path = "settings@2x.png"; sourceTree = "<group>"; };
		535869DC185F5C2800B77920 /* menu.png */ = {isa = PBXFileReference; lastKnownFileType = image.png; path = menu.png; sourceTree = "<group>"; };
		535869DE185F5C4100B77920 /* menu@2x.png */ = {isa = PBXFileReference; lastKnownFileType = image.png; path = "menu@2x.png"; sourceTree = "<group>"; };
		535869E0185F5C5C00B77920 /* check.png */ = {isa = PBXFileReference; lastKnownFileType = image.png; path = check.png; sourceTree = "<group>"; };
		535869E1185F5C5C00B77920 /* check@2x.png */ = {isa = PBXFileReference; lastKnownFileType = image.png; path = "check@2x.png"; sourceTree = "<group>"; };
		535869FA185F6BE800B77920 /* WHITE LINE.png */ = {isa = PBXFileReference; lastKnownFileType = image.png; path = "WHITE LINE.png"; sourceTree = "<group>"; };
		53586A14185F927E00B77920 /* RestCell.h */ = {isa = PBXFileReference; fileEncoding = 4; lastKnownFileType = sourcecode.c.h; path = RestCell.h; sourceTree = "<group>"; };
		53586A15185F927E00B77920 /* RestCell.m */ = {isa = PBXFileReference; fileEncoding = 4; lastKnownFileType = sourcecode.c.objc; path = RestCell.m; sourceTree = "<group>"; };
		53586A17185F930500B77920 /* RestViewController.h */ = {isa = PBXFileReference; fileEncoding = 4; lastKnownFileType = sourcecode.c.h; path = RestViewController.h; sourceTree = "<group>"; };
		53586A18185F930500B77920 /* RestViewController.m */ = {isa = PBXFileReference; fileEncoding = 4; lastKnownFileType = sourcecode.c.objc; path = RestViewController.m; sourceTree = "<group>"; };
		53586A241860142600B77920 /* New.storyboard */ = {isa = PBXFileReference; fileEncoding = 4; lastKnownFileType = file.storyboard; path = New.storyboard; sourceTree = "<group>"; };
		535C5DE518696D3E0063C256 /* LaunchTVC.h */ = {isa = PBXFileReference; fileEncoding = 4; lastKnownFileType = sourcecode.c.h; name = LaunchTVC.h; path = ../LaunchTVC.h; sourceTree = "<group>"; };
		535C5DE618696D3E0063C256 /* LaunchTVC.m */ = {isa = PBXFileReference; fileEncoding = 4; lastKnownFileType = sourcecode.c.objc; name = LaunchTVC.m; path = ../LaunchTVC.m; sourceTree = "<group>"; };
		535C5DE81869BD8F0063C256 /* SetsTVC.h */ = {isa = PBXFileReference; fileEncoding = 4; lastKnownFileType = sourcecode.c.h; name = SetsTVC.h; path = ../SetsTVC.h; sourceTree = "<group>"; };
		535C5DE91869BD8F0063C256 /* SetsTVC.m */ = {isa = PBXFileReference; fileEncoding = 4; lastKnownFileType = sourcecode.c.objc; name = SetsTVC.m; path = ../SetsTVC.m; sourceTree = "<group>"; };
		535C5DEB1869D6630063C256 /* BeginWorkoutViewController.h */ = {isa = PBXFileReference; fileEncoding = 4; lastKnownFileType = sourcecode.c.h; name = BeginWorkoutViewController.h; path = ../BeginWorkoutViewController.h; sourceTree = "<group>"; };
		535C5DEC1869D6630063C256 /* BeginWorkoutViewController.m */ = {isa = PBXFileReference; fileEncoding = 4; lastKnownFileType = sourcecode.c.objc; name = BeginWorkoutViewController.m; path = ../BeginWorkoutViewController.m; sourceTree = "<group>"; };
		535C5DF0186B19820063C256 /* Exercise.h */ = {isa = PBXFileReference; fileEncoding = 4; lastKnownFileType = sourcecode.c.h; path = Exercise.h; sourceTree = "<group>"; };
		535C5DF1186B19820063C256 /* Exercise.m */ = {isa = PBXFileReference; fileEncoding = 4; lastKnownFileType = sourcecode.c.objc; path = Exercise.m; sourceTree = "<group>"; };
		535C5DFF186E34470063C256 /* EndPageVC.h */ = {isa = PBXFileReference; fileEncoding = 4; lastKnownFileType = sourcecode.c.h; name = EndPageVC.h; path = ../EndPageVC.h; sourceTree = "<group>"; };
		535C5E00186E34470063C256 /* EndPageVC.m */ = {isa = PBXFileReference; fileEncoding = 4; lastKnownFileType = sourcecode.c.objc; name = EndPageVC.m; path = ../EndPageVC.m; sourceTree = "<group>"; };
		53844EF4187058A700D24240 /* SelectWorkoutTVCViewController.h */ = {isa = PBXFileReference; fileEncoding = 4; lastKnownFileType = sourcecode.c.h; name = SelectWorkoutTVCViewController.h; path = ../SelectWorkoutTVCViewController.h; sourceTree = "<group>"; };
		53844EF5187058A700D24240 /* SelectWorkoutTVCViewController.m */ = {isa = PBXFileReference; fileEncoding = 4; lastKnownFileType = sourcecode.c.objc; name = SelectWorkoutTVCViewController.m; path = ../SelectWorkoutTVCViewController.m; sourceTree = "<group>"; };
		53844EFC18706B1C00D24240 /* START Round Corner Pink Font (1).png */ = {isa = PBXFileReference; lastKnownFileType = image.png; path = "START Round Corner Pink Font (1).png"; sourceTree = "<group>"; };
		5387817B185DE3AB00641237 /* FitwirrApp.app */ = {isa = PBXFileReference; explicitFileType = wrapper.application; includeInIndex = 0; path = FitwirrApp.app; sourceTree = BUILT_PRODUCTS_DIR; };
		5387817E185DE3AB00641237 /* Foundation.framework */ = {isa = PBXFileReference; lastKnownFileType = wrapper.framework; name = Foundation.framework; path = System/Library/Frameworks/Foundation.framework; sourceTree = SDKROOT; };
		53878180185DE3AB00641237 /* CoreGraphics.framework */ = {isa = PBXFileReference; lastKnownFileType = wrapper.framework; name = CoreGraphics.framework; path = System/Library/Frameworks/CoreGraphics.framework; sourceTree = SDKROOT; };
		53878182185DE3AB00641237 /* UIKit.framework */ = {isa = PBXFileReference; lastKnownFileType = wrapper.framework; name = UIKit.framework; path = System/Library/Frameworks/UIKit.framework; sourceTree = SDKROOT; };
		53878186185DE3AB00641237 /* FitwirrApp-Info.plist */ = {isa = PBXFileReference; lastKnownFileType = text.plist.xml; path = "FitwirrApp-Info.plist"; sourceTree = "<group>"; };
		53878188185DE3AB00641237 /* en */ = {isa = PBXFileReference; lastKnownFileType = text.plist.strings; name = en; path = en.lproj/InfoPlist.strings; sourceTree = "<group>"; };
		5387818A185DE3AB00641237 /* main.m */ = {isa = PBXFileReference; lastKnownFileType = sourcecode.c.objc; path = main.m; sourceTree = "<group>"; };
		5387818C185DE3AB00641237 /* FitwirrApp-Prefix.pch */ = {isa = PBXFileReference; lastKnownFileType = sourcecode.c.h; path = "FitwirrApp-Prefix.pch"; sourceTree = "<group>"; };
		5387818D185DE3AB00641237 /* AppDelegate.h */ = {isa = PBXFileReference; lastKnownFileType = sourcecode.c.h; path = AppDelegate.h; sourceTree = "<group>"; };
		5387818E185DE3AB00641237 /* AppDelegate.m */ = {isa = PBXFileReference; lastKnownFileType = sourcecode.c.objc; path = AppDelegate.m; sourceTree = "<group>"; };
		53878196185DE3AB00641237 /* Images.xcassets */ = {isa = PBXFileReference; lastKnownFileType = folder.assetcatalog; path = Images.xcassets; sourceTree = "<group>"; };
		5387819C185DE3AB00641237 /* FitwirrAppTests.xctest */ = {isa = PBXFileReference; explicitFileType = wrapper.cfbundle; includeInIndex = 0; path = FitwirrAppTests.xctest; sourceTree = BUILT_PRODUCTS_DIR; };
		5387819D185DE3AB00641237 /* XCTest.framework */ = {isa = PBXFileReference; lastKnownFileType = wrapper.framework; name = XCTest.framework; path = Library/Frameworks/XCTest.framework; sourceTree = DEVELOPER_DIR; };
		538781A5185DE3AB00641237 /* FitwirrAppTests-Info.plist */ = {isa = PBXFileReference; lastKnownFileType = text.plist.xml; path = "FitwirrAppTests-Info.plist"; sourceTree = "<group>"; };
		538781A7185DE3AB00641237 /* en */ = {isa = PBXFileReference; lastKnownFileType = text.plist.strings; name = en; path = en.lproj/InfoPlist.strings; sourceTree = "<group>"; };
		538781A9185DE3AB00641237 /* FitwirrAppTests.m */ = {isa = PBXFileReference; lastKnownFileType = sourcecode.c.objc; path = FitwirrAppTests.m; sourceTree = "<group>"; };
		539D29631871491E0015B46A /* Next Button.png */ = {isa = PBXFileReference; lastKnownFileType = image.png; path = "Next Button.png"; sourceTree = "<group>"; };
		539D296518714B750015B46A /* Pause button blue.png */ = {isa = PBXFileReference; lastKnownFileType = image.png; path = "Pause button blue.png"; sourceTree = "<group>"; };
		539D296618714B750015B46A /* play button blue.png */ = {isa = PBXFileReference; lastKnownFileType = image.png; path = "play button blue.png"; sourceTree = "<group>"; };
		539D2969187204560015B46A /* FitwirrIcon120.png */ = {isa = PBXFileReference; lastKnownFileType = image.png; name = FitwirrIcon120.png; path = Images.xcassets/AppIcon.appiconset/FitwirrIcon120.png; sourceTree = "<group>"; };
		539D296D187211C20015B46A /* SettingTVC.h */ = {isa = PBXFileReference; fileEncoding = 4; lastKnownFileType = sourcecode.c.h; path = SettingTVC.h; sourceTree = "<group>"; };
		539D296E187211C20015B46A /* SettingTVC.m */ = {isa = PBXFileReference; fileEncoding = 4; lastKnownFileType = sourcecode.c.objc; path = SettingTVC.m; sourceTree = "<group>"; };
		53AEAB7918615382006E0D48 /* StoreKit.framework */ = {isa = PBXFileReference; lastKnownFileType = wrapper.framework; name = StoreKit.framework; path = System/Library/Frameworks/StoreKit.framework; sourceTree = SDKROOT; };
		53AEAB8518635523006E0D48 /* PurchaseVC.h */ = {isa = PBXFileReference; fileEncoding = 4; lastKnownFileType = sourcecode.c.h; path = PurchaseVC.h; sourceTree = "<group>"; };
		53AEAB8618635523006E0D48 /* PurchaseVC.m */ = {isa = PBXFileReference; fileEncoding = 4; lastKnownFileType = sourcecode.c.objc; path = PurchaseVC.m; sourceTree = "<group>"; };
		53AEAB8B18637A4F006E0D48 /* AudioToolbox.framework */ = {isa = PBXFileReference; lastKnownFileType = wrapper.framework; name = AudioToolbox.framework; path = System/Library/Frameworks/AudioToolbox.framework; sourceTree = SDKROOT; };
		53AEAB8D18637A55006E0D48 /* CFNetwork.framework */ = {isa = PBXFileReference; lastKnownFileType = wrapper.framework; name = CFNetwork.framework; path = System/Library/Frameworks/CFNetwork.framework; sourceTree = SDKROOT; };
		53AEAB8F18637A68006E0D48 /* CoreLocation.framework */ = {isa = PBXFileReference; lastKnownFileType = wrapper.framework; name = CoreLocation.framework; path = System/Library/Frameworks/CoreLocation.framework; sourceTree = SDKROOT; };
		53AEAB9118637A79006E0D48 /* libz.1.1.3.dylib */ = {isa = PBXFileReference; lastKnownFileType = "compiled.mach-o.dylib"; name = libz.1.1.3.dylib; path = usr/lib/libz.1.1.3.dylib; sourceTree = SDKROOT; };
		53AEAB9318637A82006E0D48 /* MobileCoreServices.framework */ = {isa = PBXFileReference; lastKnownFileType = wrapper.framework; name = MobileCoreServices.framework; path = System/Library/Frameworks/MobileCoreServices.framework; sourceTree = SDKROOT; };
		53AEAB9518637A89006E0D48 /* QuartzCore.framework */ = {isa = PBXFileReference; lastKnownFileType = wrapper.framework; name = QuartzCore.framework; path = System/Library/Frameworks/QuartzCore.framework; sourceTree = SDKROOT; };
		53AEAB9718637A91006E0D48 /* Security.framework */ = {isa = PBXFileReference; lastKnownFileType = wrapper.framework; name = Security.framework; path = System/Library/Frameworks/Security.framework; sourceTree = SDKROOT; };
		53AEAB9918637A9D006E0D48 /* SystemConfiguration.framework */ = {isa = PBXFileReference; lastKnownFileType = wrapper.framework; name = SystemConfiguration.framework; path = System/Library/Frameworks/SystemConfiguration.framework; sourceTree = SDKROOT; };
		53AEAB9D1864C6B7006E0D48 /* light pink #fef9ffff.png */ = {isa = PBXFileReference; lastKnownFileType = image.png; path = "light pink #fef9ffff.png"; sourceTree = "<group>"; };
		53AEABAB1864DAD1006E0D48 /* WorkoutSelectionTVC.h */ = {isa = PBXFileReference; fileEncoding = 4; lastKnownFileType = sourcecode.c.h; name = WorkoutSelectionTVC.h; path = ../WorkoutSelectionTVC.h; sourceTree = "<group>"; };
		53AEABAC1864DAD1006E0D48 /* WorkoutSelectionTVC.m */ = {isa = PBXFileReference; fileEncoding = 4; lastKnownFileType = sourcecode.c.objc; name = WorkoutSelectionTVC.m; path = ../WorkoutSelectionTVC.m; sourceTree = "<group>"; };
		53AEABB31865631B006E0D48 /* ExerciseViewController.h */ = {isa = PBXFileReference; fileEncoding = 4; lastKnownFileType = sourcecode.c.h; name = ExerciseViewController.h; path = ../ExerciseViewController.h; sourceTree = "<group>"; };
		53AEABB41865631B006E0D48 /* ExerciseViewController.m */ = {isa = PBXFileReference; fileEncoding = 4; lastKnownFileType = sourcecode.c.objc; name = ExerciseViewController.m; path = ../ExerciseViewController.m; sourceTree = "<group>"; };
		53C0857018884C2D00D19639 /* EquipmentCell.h */ = {isa = PBXFileReference; fileEncoding = 4; lastKnownFileType = sourcecode.c.h; name = EquipmentCell.h; path = ../EquipmentCell.h; sourceTree = "<group>"; };
		53C0857118884C2D00D19639 /* EquipmentCell.m */ = {isa = PBXFileReference; fileEncoding = 4; lastKnownFileType = sourcecode.c.objc; name = EquipmentCell.m; path = ../EquipmentCell.m; sourceTree = "<group>"; };
/* End PBXFileReference section */

/* Begin PBXFrameworksBuildPhase section */
		53878178185DE3AB00641237 /* Frameworks */ = {
			isa = PBXFrameworksBuildPhase;
			buildActionMask = 2147483647;
			files = (
				53122A0E188F0493009E987E /* MessageUI.framework in Frameworks */,
				4A5B6BEA18782DAB00368FB3 /* AVFoundation.framework in Frameworks */,
				53AEAB7A18615382006E0D48 /* StoreKit.framework in Frameworks */,
				53AEAB9A18637A9D006E0D48 /* SystemConfiguration.framework in Frameworks */,
				53AEAB9818637A91006E0D48 /* Security.framework in Frameworks */,
				53AEAB9618637A89006E0D48 /* QuartzCore.framework in Frameworks */,
				53AEAB9418637A82006E0D48 /* MobileCoreServices.framework in Frameworks */,
				53AEAB9218637A79006E0D48 /* libz.1.1.3.dylib in Frameworks */,
				53AEAB9018637A68006E0D48 /* CoreLocation.framework in Frameworks */,
				4A64C07318729C4F0009FA94 /* Parse.framework in Frameworks */,
				53878181185DE3AB00641237 /* CoreGraphics.framework in Frameworks */,
				53AEAB8E18637A55006E0D48 /* CFNetwork.framework in Frameworks */,
				53AEAB8C18637A4F006E0D48 /* AudioToolbox.framework in Frameworks */,
				53878183185DE3AB00641237 /* UIKit.framework in Frameworks */,
				5387817F185DE3AB00641237 /* Foundation.framework in Frameworks */,
			);
			runOnlyForDeploymentPostprocessing = 0;
		};
		53878199185DE3AB00641237 /* Frameworks */ = {
			isa = PBXFrameworksBuildPhase;
			buildActionMask = 2147483647;
			files = (
				5387819E185DE3AB00641237 /* XCTest.framework in Frameworks */,
				538781A0185DE3AB00641237 /* UIKit.framework in Frameworks */,
				5387819F185DE3AB00641237 /* Foundation.framework in Frameworks */,
			);
			runOnlyForDeploymentPostprocessing = 0;
		};
/* End PBXFrameworksBuildPhase section */

/* Begin PBXGroup section */
		4A0E1E031876B53A0041A8B4 /* MBProgressHUD */ = {
			isa = PBXGroup;
			children = (
				4A0E1E041876B53A0041A8B4 /* MBProgressHUD.h */,
				4A0E1E051876B53A0041A8B4 /* MBProgressHUD.m */,
			);
			path = MBProgressHUD;
			sourceTree = "<group>";
		};
		5320920C18687FCB009B4F50 /* Object Classes */ = {
			isa = PBXGroup;
			children = (
				535C5DF0186B19820063C256 /* Exercise.h */,
				535C5DF1186B19820063C256 /* Exercise.m */,
			);
			name = "Object Classes";
			sourceTree = "<group>";
		};
		5320920D1868A572009B4F50 /* Cells */ = {
			isa = PBXGroup;
			children = (
				53C0857018884C2D00D19639 /* EquipmentCell.h */,
				53C0857118884C2D00D19639 /* EquipmentCell.m */,
				4A4FEC6A1885602700176E17 /* WorkoutCell.h */,
				4A4FEC6B1885602700176E17 /* WorkoutCell.m */,
				53586A14185F927E00B77920 /* RestCell.h */,
				53586A15185F927E00B77920 /* RestCell.m */,
			);
			name = Cells;
			sourceTree = "<group>";
		};
		535869E4185F5D1F00B77920 /* Icons */ = {
			isa = PBXGroup;
			children = (
				53122A0F188F0573009E987E /* SweatLogo.png */,
				53495B161890EEE6007F7E84 /* checkmark-128.png */,
				535869E0185F5C5C00B77920 /* check.png */,
				535869E1185F5C5C00B77920 /* check@2x.png */,
				535869DC185F5C2800B77920 /* menu.png */,
				535869DE185F5C4100B77920 /* menu@2x.png */,
				535869D4185F5BE700B77920 /* settings.png */,
				535869D5185F5BE700B77920 /* settings@2x.png */,
			);
			name = Icons;
			sourceTree = "<group>";
		};
		535869E6185F5D5500B77920 /* Other Accessories */ = {
			isa = PBXGroup;
			children = (
				535869FA185F6BE800B77920 /* WHITE LINE.png */,
			);
			name = "Other Accessories";
			sourceTree = "<group>";
		};
		535869E7185F5D6200B77920 /* Photos */ = {
			isa = PBXGroup;
			children = (
				539D2969187204560015B46A /* FitwirrIcon120.png */,
				539D29631871491E0015B46A /* Next Button.png */,
				53844EFC18706B1C00D24240 /* START Round Corner Pink Font (1).png */,
				539D296518714B750015B46A /* Pause button blue.png */,
				539D296618714B750015B46A /* play button blue.png */,
				53AEAB9D1864C6B7006E0D48 /* light pink #fef9ffff.png */,
			);
			name = Photos;
			sourceTree = "<group>";
		};
		535C5DEE1869D6820063C256 /* Selections TVC */ = {
			isa = PBXGroup;
			children = (
				53844EF4187058A700D24240 /* SelectWorkoutTVCViewController.h */,
				53844EF5187058A700D24240 /* SelectWorkoutTVCViewController.m */,
				535C5DE81869BD8F0063C256 /* SetsTVC.h */,
				535C5DE91869BD8F0063C256 /* SetsTVC.m */,
			);
			name = "Selections TVC";
			sourceTree = "<group>";
		};
		535C5DEF1869D69C0063C256 /* WorkoutWalkThrough */ = {
			isa = PBXGroup;
			children = (
				53AEABB31865631B006E0D48 /* ExerciseViewController.h */,
				53AEABB41865631B006E0D48 /* ExerciseViewController.m */,
				53586A17185F930500B77920 /* RestViewController.h */,
				53586A18185F930500B77920 /* RestViewController.m */,
				535C5DFF186E34470063C256 /* EndPageVC.h */,
				535C5E00186E34470063C256 /* EndPageVC.m */,
			);
			name = WorkoutWalkThrough;
			sourceTree = "<group>";
		};
		53844EF718705A9F00D24240 /* Support */ = {
			isa = PBXGroup;
			children = (
				539D296D187211C20015B46A /* SettingTVC.h */,
				539D296E187211C20015B46A /* SettingTVC.m */,
				53122A0A188DDE5C009E987E /* SupportDetailVC.h */,
				53122A0B188DDE5C009E987E /* SupportDetailVC.m */,
			);
			name = Support;
			path = ..;
			sourceTree = "<group>";
		};
		53878172185DE3AB00641237 = {
			isa = PBXGroup;
			children = (
				53586A241860142600B77920 /* New.storyboard */,
				53878184185DE3AB00641237 /* FitwirrApp */,
				4A0E1E031876B53A0041A8B4 /* MBProgressHUD */,
				538781A3185DE3AB00641237 /* FitwirrAppTests */,
				5387817D185DE3AB00641237 /* Frameworks */,
				5387817C185DE3AB00641237 /* Products */,
			);
			sourceTree = "<group>";
		};
		5387817C185DE3AB00641237 /* Products */ = {
			isa = PBXGroup;
			children = (
				5387817B185DE3AB00641237 /* FitwirrApp.app */,
				5387819C185DE3AB00641237 /* FitwirrAppTests.xctest */,
			);
			name = Products;
			sourceTree = "<group>";
		};
		5387817D185DE3AB00641237 /* Frameworks */ = {
			isa = PBXGroup;
			children = (
				53122A0D188F0493009E987E /* MessageUI.framework */,
				4A5B6BE918782DAB00368FB3 /* AVFoundation.framework */,
				4A64C07218729C4F0009FA94 /* Parse.framework */,
				53AEAB9918637A9D006E0D48 /* SystemConfiguration.framework */,
				53AEAB9718637A91006E0D48 /* Security.framework */,
				53AEAB9518637A89006E0D48 /* QuartzCore.framework */,
				53AEAB9318637A82006E0D48 /* MobileCoreServices.framework */,
				53AEAB9118637A79006E0D48 /* libz.1.1.3.dylib */,
				53AEAB8F18637A68006E0D48 /* CoreLocation.framework */,
				53AEAB8D18637A55006E0D48 /* CFNetwork.framework */,
				53AEAB8B18637A4F006E0D48 /* AudioToolbox.framework */,
				53AEAB7918615382006E0D48 /* StoreKit.framework */,
				5387817E185DE3AB00641237 /* Foundation.framework */,
				53878180185DE3AB00641237 /* CoreGraphics.framework */,
				53878182185DE3AB00641237 /* UIKit.framework */,
				5387819D185DE3AB00641237 /* XCTest.framework */,
			);
			name = Frameworks;
			sourceTree = "<group>";
		};
		53878184185DE3AB00641237 /* FitwirrApp */ = {
			isa = PBXGroup;
			children = (
				5387818D185DE3AB00641237 /* AppDelegate.h */,
				5387818E185DE3AB00641237 /* AppDelegate.m */,
				535C5DE518696D3E0063C256 /* LaunchTVC.h */,
				535C5DE618696D3E0063C256 /* LaunchTVC.m */,
				535C5DEF1869D69C0063C256 /* WorkoutWalkThrough */,
				53844EF718705A9F00D24240 /* Support */,
				535C5DEE1869D6820063C256 /* Selections TVC */,
				5320920D1868A572009B4F50 /* Cells */,
				53C0857318884CF900D19639 /* IAP */,
				5320920C18687FCB009B4F50 /* Object Classes */,
				53AEABAE1864DAE2006E0D48 /* Old */,
				53878196185DE3AB00641237 /* Images.xcassets */,
				53878185185DE3AB00641237 /* Supporting Files */,
			);
			path = FitwirrApp;
			sourceTree = "<group>";
		};
		53878185185DE3AB00641237 /* Supporting Files */ = {
			isa = PBXGroup;
			children = (
				4A5B6BE718782CF600368FB3 /* clock.mp3 */,
				53495B141890EA85007F7E84 /* Last5secs.mp3 */,
				53495B121890E384007F7E84 /* switchSidesCut.mp3 */,
				53122A13188F1A66009E987E /* EndofRest.mp3 */,
				53122A15188F1A7C009E987E /* FirstExerciseinWorkout.mp3 */,
				53122A17188F1A8D009E987E /* switchSides.mp3 */,
				53122A11188F1A01009E987E /* rest-2.mp3 */,
				535869E7185F5D6200B77920 /* Photos */,
				535869E6185F5D5500B77920 /* Other Accessories */,
				535869E4185F5D1F00B77920 /* Icons */,
				53878186185DE3AB00641237 /* FitwirrApp-Info.plist */,
				53878187185DE3AB00641237 /* InfoPlist.strings */,
				5387818A185DE3AB00641237 /* main.m */,
				5387818C185DE3AB00641237 /* FitwirrApp-Prefix.pch */,
			);
			name = "Supporting Files";
			sourceTree = "<group>";
		};
		538781A3185DE3AB00641237 /* FitwirrAppTests */ = {
			isa = PBXGroup;
			children = (
				538781A9185DE3AB00641237 /* FitwirrAppTests.m */,
				538781A4185DE3AB00641237 /* Supporting Files */,
			);
			path = FitwirrAppTests;
			sourceTree = "<group>";
		};
		538781A4185DE3AB00641237 /* Supporting Files */ = {
			isa = PBXGroup;
			children = (
				538781A5185DE3AB00641237 /* FitwirrAppTests-Info.plist */,
				538781A6185DE3AB00641237 /* InfoPlist.strings */,
			);
			name = "Supporting Files";
			sourceTree = "<group>";
		};
		53AEAB8818636406006E0D48 /* In App Purchase */ = {
			isa = PBXGroup;
			children = (
				53AEAB8518635523006E0D48 /* PurchaseVC.h */,
				53AEAB8618635523006E0D48 /* PurchaseVC.m */,
			);
			name = "In App Purchase";
			path = ..;
			sourceTree = "<group>";
		};
		53AEABAE1864DAE2006E0D48 /* Old */ = {
			isa = PBXGroup;
			children = (
				53AEAB8818636406006E0D48 /* In App Purchase */,
				5320920918687FBE009B4F50 /* Workout.h */,
				5320920A18687FBE009B4F50 /* Workout.m */,
				535C5DEB1869D6630063C256 /* BeginWorkoutViewController.h */,
				535C5DEC1869D6630063C256 /* BeginWorkoutViewController.m */,
				53AEABAB1864DAD1006E0D48 /* WorkoutSelectionTVC.h */,
				53AEABAC1864DAD1006E0D48 /* WorkoutSelectionTVC.m */,
			);
			name = Old;
			sourceTree = "<group>";
		};
		53C0857318884CF900D19639 /* IAP */ = {
			isa = PBXGroup;
			children = (
				4A0E1E001875A00E0041A8B4 /* FitwirrHelper.h */,
				4A0E1E011875A00F0041A8B4 /* FitwirrHelper.m */,
				4A0E1DFD1873C0CD0041A8B4 /* IAPHelper.h */,
				4A0E1DFE1873C0CD0041A8B4 /* IAPHelper.m */,
			);
			name = IAP;
			sourceTree = "<group>";
		};
/* End PBXGroup section */

/* Begin PBXNativeTarget section */
		5387817A185DE3AB00641237 /* FitwirrApp */ = {
			isa = PBXNativeTarget;
			buildConfigurationList = 538781AD185DE3AB00641237 /* Build configuration list for PBXNativeTarget "FitwirrApp" */;
			buildPhases = (
				53878177185DE3AB00641237 /* Sources */,
				53878178185DE3AB00641237 /* Frameworks */,
				53878179185DE3AB00641237 /* Resources */,
			);
			buildRules = (
			);
			dependencies = (
			);
			name = FitwirrApp;
			productName = FitwirrApp;
			productReference = 5387817B185DE3AB00641237 /* FitwirrApp.app */;
			productType = "com.apple.product-type.application";
		};
		5387819B185DE3AB00641237 /* FitwirrAppTests */ = {
			isa = PBXNativeTarget;
			buildConfigurationList = 538781B0185DE3AB00641237 /* Build configuration list for PBXNativeTarget "FitwirrAppTests" */;
			buildPhases = (
				53878198185DE3AB00641237 /* Sources */,
				53878199185DE3AB00641237 /* Frameworks */,
				5387819A185DE3AB00641237 /* Resources */,
			);
			buildRules = (
			);
			dependencies = (
				538781A2185DE3AB00641237 /* PBXTargetDependency */,
			);
			name = FitwirrAppTests;
			productName = FitwirrAppTests;
			productReference = 5387819C185DE3AB00641237 /* FitwirrAppTests.xctest */;
			productType = "com.apple.product-type.bundle.unit-test";
		};
/* End PBXNativeTarget section */

/* Begin PBXProject section */
		53878173185DE3AB00641237 /* Project object */ = {
			isa = PBXProject;
			attributes = {
				LastUpgradeCheck = 0500;
				ORGANIZATIONNAME = "Misato Tina Alexandre";
				TargetAttributes = {
					5387817A185DE3AB00641237 = {
						DevelopmentTeam = FAS9M74477;
					};
					5387819B185DE3AB00641237 = {
						TestTargetID = 5387817A185DE3AB00641237;
					};
				};
			};
			buildConfigurationList = 53878176185DE3AB00641237 /* Build configuration list for PBXProject "FitwirrApp" */;
			compatibilityVersion = "Xcode 3.2";
			developmentRegion = English;
			hasScannedForEncodings = 0;
			knownRegions = (
				en,
				Base,
			);
			mainGroup = 53878172185DE3AB00641237;
			productRefGroup = 5387817C185DE3AB00641237 /* Products */;
			projectDirPath = "";
			projectRoot = "";
			targets = (
				5387817A185DE3AB00641237 /* FitwirrApp */,
				5387819B185DE3AB00641237 /* FitwirrAppTests */,
			);
		};
/* End PBXProject section */

/* Begin PBXResourcesBuildPhase section */
		53878179185DE3AB00641237 /* Resources */ = {
			isa = PBXResourcesBuildPhase;
			buildActionMask = 2147483647;
			files = (
				539D296718714B750015B46A /* Pause button blue.png in Resources */,
				535869FB185F6BE800B77920 /* WHITE LINE.png in Resources */,
				535869DD185F5C2800B77920 /* menu.png in Resources */,
				53122A10188F0573009E987E /* SweatLogo.png in Resources */,
				535869DF185F5C4100B77920 /* menu@2x.png in Resources */,
				53878197185DE3AB00641237 /* Images.xcassets in Resources */,
				53495B131890E384007F7E84 /* switchSidesCut.mp3 in Resources */,
				535869E2185F5C5C00B77920 /* check.png in Resources */,
				53AEAB9E1864C6B7006E0D48 /* light pink #fef9ffff.png in Resources */,
				53844EFD18706B1C00D24240 /* START Round Corner Pink Font (1).png in Resources */,
				53495B151890EA85007F7E84 /* Last5secs.mp3 in Resources */,
				53878189185DE3AB00641237 /* InfoPlist.strings in Resources */,
				539D296A187204560015B46A /* FitwirrIcon120.png in Resources */,
				53586A251860142600B77920 /* New.storyboard in Resources */,
				53122A16188F1A7C009E987E /* FirstExerciseinWorkout.mp3 in Resources */,
				535869D6185F5BE700B77920 /* settings.png in Resources */,
				53495B171890EEE6007F7E84 /* checkmark-128.png in Resources */,
				53122A14188F1A66009E987E /* EndofRest.mp3 in Resources */,
				4A5B6BE818782CF600368FB3 /* clock.mp3 in Resources */,
				535869D7185F5BE700B77920 /* settings@2x.png in Resources */,
				53122A18188F1A8D009E987E /* switchSides.mp3 in Resources */,
				539D296818714B750015B46A /* play button blue.png in Resources */,
				539D29641871491E0015B46A /* Next Button.png in Resources */,
				53122A12188F1A01009E987E /* rest-2.mp3 in Resources */,
				535869E3185F5C5C00B77920 /* check@2x.png in Resources */,
			);
			runOnlyForDeploymentPostprocessing = 0;
		};
		5387819A185DE3AB00641237 /* Resources */ = {
			isa = PBXResourcesBuildPhase;
			buildActionMask = 2147483647;
			files = (
				538781A8185DE3AB00641237 /* InfoPlist.strings in Resources */,
			);
			runOnlyForDeploymentPostprocessing = 0;
		};
/* End PBXResourcesBuildPhase section */

/* Begin PBXSourcesBuildPhase section */
		53878177185DE3AB00641237 /* Sources */ = {
			isa = PBXSourcesBuildPhase;
			buildActionMask = 2147483647;
			files = (
				4A0E1DFF1873C0CD0041A8B4 /* IAPHelper.m in Sources */,
				535C5DEA1869BD8F0063C256 /* SetsTVC.m in Sources */,
				535C5DED1869D6630063C256 /* BeginWorkoutViewController.m in Sources */,
				53586A16185F927E00B77920 /* RestCell.m in Sources */,
				4A4FEC6C1885602700176E17 /* WorkoutCell.m in Sources */,
				53586A19185F930500B77920 /* RestViewController.m in Sources */,
				53C0857218884C2D00D19639 /* EquipmentCell.m in Sources */,
				53122A0C188DDE5C009E987E /* SupportDetailVC.m in Sources */,
				53AEAB8718635523006E0D48 /* PurchaseVC.m in Sources */,
				53AEABB51865631B006E0D48 /* ExerciseViewController.m in Sources */,
				535C5DE718696D3E0063C256 /* LaunchTVC.m in Sources */,
				5387818F185DE3AB00641237 /* AppDelegate.m in Sources */,
				53844EF6187058A700D24240 /* SelectWorkoutTVCViewController.m in Sources */,
				5387818B185DE3AB00641237 /* main.m in Sources */,
				535C5DF2186B19820063C256 /* Exercise.m in Sources */,
				539D296F187211C20015B46A /* SettingTVC.m in Sources */,
				4A0E1E061876B53A0041A8B4 /* MBProgressHUD.m in Sources */,
				535C5E01186E34470063C256 /* EndPageVC.m in Sources */,
				53AEABAD1864DAD1006E0D48 /* WorkoutSelectionTVC.m in Sources */,
				4A0E1E021875A00F0041A8B4 /* FitwirrHelper.m in Sources */,
				5320920B18687FBE009B4F50 /* Workout.m in Sources */,
			);
			runOnlyForDeploymentPostprocessing = 0;
		};
		53878198185DE3AB00641237 /* Sources */ = {
			isa = PBXSourcesBuildPhase;
			buildActionMask = 2147483647;
			files = (
				538781AA185DE3AB00641237 /* FitwirrAppTests.m in Sources */,
			);
			runOnlyForDeploymentPostprocessing = 0;
		};
/* End PBXSourcesBuildPhase section */

/* Begin PBXTargetDependency section */
		538781A2185DE3AB00641237 /* PBXTargetDependency */ = {
			isa = PBXTargetDependency;
			target = 5387817A185DE3AB00641237 /* FitwirrApp */;
			targetProxy = 538781A1185DE3AB00641237 /* PBXContainerItemProxy */;
		};
/* End PBXTargetDependency section */

/* Begin PBXVariantGroup section */
		53878187185DE3AB00641237 /* InfoPlist.strings */ = {
			isa = PBXVariantGroup;
			children = (
				53878188185DE3AB00641237 /* en */,
			);
			name = InfoPlist.strings;
			sourceTree = "<group>";
		};
		538781A6185DE3AB00641237 /* InfoPlist.strings */ = {
			isa = PBXVariantGroup;
			children = (
				538781A7185DE3AB00641237 /* en */,
			);
			name = InfoPlist.strings;
			sourceTree = "<group>";
		};
/* End PBXVariantGroup section */

/* Begin XCBuildConfiguration section */
		538781AB185DE3AB00641237 /* Debug */ = {
			isa = XCBuildConfiguration;
			buildSettings = {
				ALWAYS_SEARCH_USER_PATHS = NO;
				ARCHS = "$(ARCHS_STANDARD_INCLUDING_64_BIT)";
				CLANG_CXX_LANGUAGE_STANDARD = "gnu++0x";
				CLANG_CXX_LIBRARY = "libc++";
				CLANG_ENABLE_MODULES = YES;
				CLANG_ENABLE_OBJC_ARC = YES;
				CLANG_WARN_BOOL_CONVERSION = YES;
				CLANG_WARN_CONSTANT_CONVERSION = YES;
				CLANG_WARN_DIRECT_OBJC_ISA_USAGE = YES_ERROR;
				CLANG_WARN_EMPTY_BODY = YES;
				CLANG_WARN_ENUM_CONVERSION = YES;
				CLANG_WARN_INT_CONVERSION = YES;
				CLANG_WARN_OBJC_ROOT_CLASS = YES_ERROR;
				CLANG_WARN__DUPLICATE_METHOD_MATCH = YES;
				"CODE_SIGN_IDENTITY[sdk=iphoneos*]" = "iPhone Developer";
				COPY_PHASE_STRIP = NO;
				GCC_C_LANGUAGE_STANDARD = gnu99;
				GCC_DYNAMIC_NO_PIC = NO;
				GCC_OPTIMIZATION_LEVEL = 0;
				GCC_PREPROCESSOR_DEFINITIONS = (
					"DEBUG=1",
					"$(inherited)",
				);
				GCC_SYMBOLS_PRIVATE_EXTERN = NO;
				GCC_WARN_64_TO_32_BIT_CONVERSION = YES;
				GCC_WARN_ABOUT_RETURN_TYPE = YES_ERROR;
				GCC_WARN_UNDECLARED_SELECTOR = YES;
				GCC_WARN_UNINITIALIZED_AUTOS = YES;
				GCC_WARN_UNUSED_FUNCTION = YES;
				GCC_WARN_UNUSED_VARIABLE = YES;
				IPHONEOS_DEPLOYMENT_TARGET = 7.0;
				ONLY_ACTIVE_ARCH = YES;
				SDKROOT = iphoneos;
			};
			name = Debug;
		};
		538781AC185DE3AB00641237 /* Release */ = {
			isa = XCBuildConfiguration;
			buildSettings = {
				ALWAYS_SEARCH_USER_PATHS = NO;
				ARCHS = "$(ARCHS_STANDARD_INCLUDING_64_BIT)";
				CLANG_CXX_LANGUAGE_STANDARD = "gnu++0x";
				CLANG_CXX_LIBRARY = "libc++";
				CLANG_ENABLE_MODULES = YES;
				CLANG_ENABLE_OBJC_ARC = YES;
				CLANG_WARN_BOOL_CONVERSION = YES;
				CLANG_WARN_CONSTANT_CONVERSION = YES;
				CLANG_WARN_DIRECT_OBJC_ISA_USAGE = YES_ERROR;
				CLANG_WARN_EMPTY_BODY = YES;
				CLANG_WARN_ENUM_CONVERSION = YES;
				CLANG_WARN_INT_CONVERSION = YES;
				CLANG_WARN_OBJC_ROOT_CLASS = YES_ERROR;
				CLANG_WARN__DUPLICATE_METHOD_MATCH = YES;
				"CODE_SIGN_IDENTITY[sdk=iphoneos*]" = "iPhone Developer";
				COPY_PHASE_STRIP = YES;
				ENABLE_NS_ASSERTIONS = NO;
				GCC_C_LANGUAGE_STANDARD = gnu99;
				GCC_WARN_64_TO_32_BIT_CONVERSION = YES;
				GCC_WARN_ABOUT_RETURN_TYPE = YES_ERROR;
				GCC_WARN_UNDECLARED_SELECTOR = YES;
				GCC_WARN_UNINITIALIZED_AUTOS = YES;
				GCC_WARN_UNUSED_FUNCTION = YES;
				GCC_WARN_UNUSED_VARIABLE = YES;
				IPHONEOS_DEPLOYMENT_TARGET = 7.0;
				SDKROOT = iphoneos;
				VALIDATE_PRODUCT = YES;
			};
			name = Release;
		};
		538781AE185DE3AB00641237 /* Debug */ = {
			isa = XCBuildConfiguration;
			buildSettings = {
				ASSETCATALOG_COMPILER_APPICON_NAME = AppIcon;
				ASSETCATALOG_COMPILER_LAUNCHIMAGE_NAME = LaunchImage;
				CODE_SIGN_IDENTITY = "iPhone Developer: Misato Alexandre (HU84T82W6C)";
				"CODE_SIGN_IDENTITY[sdk=iphoneos*]" = "iPhone Developer: Misato Alexandre (HU84T82W6C)";
				FRAMEWORK_SEARCH_PATHS = (
					"$(inherited)",
					/Users/misatotinaalexandre/Documents/Developer/FitwirrApp,
					/Volumes/DATA/Work/Fitness/wip,
				);
				GCC_PRECOMPILE_PREFIX_HEADER = YES;
				GCC_PREFIX_HEADER = "FitwirrApp/FitwirrApp-Prefix.pch";
				INFOPLIST_FILE = "FitwirrApp/FitwirrApp-Info.plist";
				PRODUCT_NAME = "$(TARGET_NAME)";
				PROVISIONING_PROFILE = "527E0DA5-579D-4E5F-8FBD-427705961703";
				WRAPPER_EXTENSION = app;
			};
			name = Debug;
		};
		538781AF185DE3AB00641237 /* Release */ = {
			isa = XCBuildConfiguration;
			buildSettings = {
				ASSETCATALOG_COMPILER_APPICON_NAME = AppIcon;
				ASSETCATALOG_COMPILER_LAUNCHIMAGE_NAME = LaunchImage;
				CODE_SIGN_IDENTITY = "iPhone Developer: Misato Alexandre (HU84T82W6C)";
				"CODE_SIGN_IDENTITY[sdk=iphoneos*]" = "iPhone Developer: Misato Alexandre (HU84T82W6C)";
				FRAMEWORK_SEARCH_PATHS = (
					"$(inherited)",
					/Users/misatotinaalexandre/Documents/Developer/FitwirrApp,
					/Volumes/DATA/Work/Fitness/wip,
				);
				GCC_PRECOMPILE_PREFIX_HEADER = YES;
				GCC_PREFIX_HEADER = "FitwirrApp/FitwirrApp-Prefix.pch";
				INFOPLIST_FILE = "FitwirrApp/FitwirrApp-Info.plist";
				PRODUCT_NAME = "$(TARGET_NAME)";
				PROVISIONING_PROFILE = "527E0DA5-579D-4E5F-8FBD-427705961703";
				WRAPPER_EXTENSION = app;
			};
			name = Release;
		};
		538781B1185DE3AB00641237 /* Debug */ = {
			isa = XCBuildConfiguration;
			buildSettings = {
				ARCHS = "$(ARCHS_STANDARD_INCLUDING_64_BIT)";
				BUNDLE_LOADER = "$(BUILT_PRODUCTS_DIR)/FitwirrApp.app/FitwirrApp";
				FRAMEWORK_SEARCH_PATHS = (
					"$(SDKROOT)/Developer/Library/Frameworks",
					"$(inherited)",
					"$(DEVELOPER_FRAMEWORKS_DIR)",
				);
				GCC_PRECOMPILE_PREFIX_HEADER = YES;
				GCC_PREFIX_HEADER = "FitwirrApp/FitwirrApp-Prefix.pch";
				GCC_PREPROCESSOR_DEFINITIONS = (
					"DEBUG=1",
					"$(inherited)",
				);
				INFOPLIST_FILE = "FitwirrAppTests/FitwirrAppTests-Info.plist";
				PRODUCT_NAME = "$(TARGET_NAME)";
				TEST_HOST = "$(BUNDLE_LOADER)";
				WRAPPER_EXTENSION = xctest;
			};
			name = Debug;
		};
		538781B2185DE3AB00641237 /* Release */ = {
			isa = XCBuildConfiguration;
			buildSettings = {
				ARCHS = "$(ARCHS_STANDARD_INCLUDING_64_BIT)";
				BUNDLE_LOADER = "$(BUILT_PRODUCTS_DIR)/FitwirrApp.app/FitwirrApp";
				FRAMEWORK_SEARCH_PATHS = (
					"$(SDKROOT)/Developer/Library/Frameworks",
					"$(inherited)",
					"$(DEVELOPER_FRAMEWORKS_DIR)",
				);
				GCC_PRECOMPILE_PREFIX_HEADER = YES;
				GCC_PREFIX_HEADER = "FitwirrApp/FitwirrApp-Prefix.pch";
				INFOPLIST_FILE = "FitwirrAppTests/FitwirrAppTests-Info.plist";
				PRODUCT_NAME = "$(TARGET_NAME)";
				TEST_HOST = "$(BUNDLE_LOADER)";
				WRAPPER_EXTENSION = xctest;
			};
			name = Release;
		};
/* End XCBuildConfiguration section */

/* Begin XCConfigurationList section */
		53878176185DE3AB00641237 /* Build configuration list for PBXProject "FitwirrApp" */ = {
			isa = XCConfigurationList;
			buildConfigurations = (
				538781AB185DE3AB00641237 /* Debug */,
				538781AC185DE3AB00641237 /* Release */,
			);
			defaultConfigurationIsVisible = 0;
			defaultConfigurationName = Release;
		};
		538781AD185DE3AB00641237 /* Build configuration list for PBXNativeTarget "FitwirrApp" */ = {
			isa = XCConfigurationList;
			buildConfigurations = (
				538781AE185DE3AB00641237 /* Debug */,
				538781AF185DE3AB00641237 /* Release */,
			);
			defaultConfigurationIsVisible = 0;
			defaultConfigurationName = Release;
		};
		538781B0185DE3AB00641237 /* Build configuration list for PBXNativeTarget "FitwirrAppTests" */ = {
			isa = XCConfigurationList;
			buildConfigurations = (
				538781B1185DE3AB00641237 /* Debug */,
				538781B2185DE3AB00641237 /* Release */,
			);
			defaultConfigurationIsVisible = 0;
			defaultConfigurationName = Release;
		};
/* End XCConfigurationList section */
	};
	rootObject = 53878173185DE3AB00641237 /* Project object */;
}
